
Microsoft Visual Studio Solution File, Format Version 12.00
# Visual Studio Version 16
VisualStudioVersion = 16.0.30011.22
MinimumVisualStudioVersion = 10.0.40219.1
Project("{FAE04EC0-301F-11D3-BF4B-00C04F79EFBC}") = "Products", "Products\Products.csproj", "{EB45BE41-963F-4E2F-82B3-D6F5B2BC0256}"
EndProject
Project("{FAE04EC0-301F-11D3-BF4B-00C04F79EFBC}") = "ProductService", "ProductService\ProductService.csproj", "{03860739-8A9B-439C-B3A0-A03DD3F6AA03}"
EndProject
Project("{FAE04EC0-301F-11D3-BF4B-00C04F79EFBC}") = "UserService", "UserService\UserService.csproj", "{B8369761-2639-4EE7-98C0-877E4503920A}"
EndProject
Global
	GlobalSection(SolutionConfigurationPlatforms) = preSolution
		Debug|Any CPU = Debug|Any CPU
		Release|Any CPU = Release|Any CPU
	EndGlobalSection
	GlobalSection(ProjectConfigurationPlatforms) = postSolution
		{EB45BE41-963F-4E2F-82B3-D6F5B2BC0256}.Debug|Any CPU.ActiveCfg = Debug|Any CPU
		{EB45BE41-963F-4E2F-82B3-D6F5B2BC0256}.Debug|Any CPU.Build.0 = Debug|Any CPU
		{EB45BE41-963F-4E2F-82B3-D6F5B2BC0256}.Release|Any CPU.ActiveCfg = Release|Any CPU
		{EB45BE41-963F-4E2F-82B3-D6F5B2BC0256}.Release|Any CPU.Build.0 = Release|Any CPU
		{03860739-8A9B-439C-B3A0-A03DD3F6AA03}.Debug|Any CPU.ActiveCfg = Debug|Any CPU
		{03860739-8A9B-439C-B3A0-A03DD3F6AA03}.Debug|Any CPU.Build.0 = Debug|Any CPU
		{03860739-8A9B-439C-B3A0-A03DD3F6AA03}.Release|Any CPU.ActiveCfg = Release|Any CPU
		{03860739-8A9B-439C-B3A0-A03DD3F6AA03}.Release|Any CPU.Build.0 = Release|Any CPU
		{B8369761-2639-4EE7-98C0-877E4503920A}.Debug|Any CPU.ActiveCfg = Debug|Any CPU
		{B8369761-2639-4EE7-98C0-877E4503920A}.Debug|Any CPU.Build.0 = Debug|Any CPU
		{B8369761-2639-4EE7-98C0-877E4503920A}.Release|Any CPU.ActiveCfg = Release|Any CPU
		{B8369761-2639-4EE7-98C0-877E4503920A}.Release|Any CPU.Build.0 = Release|Any CPU
	EndGlobalSection
	GlobalSection(SolutionProperties) = preSolution
		HideSolutionNode = FALSE
	EndGlobalSection
	GlobalSection(ExtensibilityGlobals) = postSolution
		SolutionGuid = {FCF82C57-7F5C-482D-A7D2-5499787826D2}
	EndGlobalSection
EndGlobal
